<?xml version="1.0" encoding="utf-8"?>
<Project ToolsVersion="4.0" xmlns="http://schemas.microsoft.com/developer/msbuild/2003">
  <ItemGroup>
    <Filter Include="Source Files">
      <UniqueIdentifier>{4FC737F1-C7A5-4376-A066-2A32D752A2FF}</UniqueIdentifier>
      <Extensions>cpp;c;cc;cxx;def;odl;idl;hpj;bat;asm;asmx</Extensions>
    </Filter>
    <Filter Include="Header Files">
      <UniqueIdentifier>{93995380-89BD-4b04-88EB-625FBE52EBFB}</UniqueIdentifier>
      <Extensions>h;hh;hpp;hxx;hm;inl;inc;xsd</Extensions>
    </Filter>
    <Filter Include="Resource Files">
      <UniqueIdentifier>{67DA6AB6-F800-4c08-8B7A-83BB121AAD01}</UniqueIdentifier>
      <Extensions>rc;ico;cur;bmp;dlg;rc2;rct;bin;rgs;gif;jpg;jpeg;jpe;resx;tiff;tif;png;wav;mfcribbon-ms</Extensions>
    </Filter>
    <Filter Include="Source Files\drivers">
      <UniqueIdentifier>{b4122503-26a4-4ad4-92ef-9f65e06ca4ec}</UniqueIdentifier>
    </Filter>
    <Filter Include="Source Files\math">
      <UniqueIdentifier>{33914545-c336-4021-ac48-6b8003f0e657}</UniqueIdentifier>
    </Filter>
    <Filter Include="Source Files\poliot">
      <UniqueIdentifier>{fd0a4fec-d89a-44ad-b6a4-c22c7b6be8b7}</UniqueIdentifier>
    </Filter>
    <Filter Include="Source Files\task">
      <UniqueIdentifier>{48c72032-ca25-4e7f-b845-b4620a351ed2}</UniqueIdentifier>
    </Filter>
    <Filter Include="Source Files\main">
      <UniqueIdentifier>{915a83fe-4e01-4b40-abfe-ecec7cda5279}</UniqueIdentifier>
    </Filter>
  </ItemGroup>
  <ItemGroup>
    <ClCompile Include="..\..\Acopter\Src\AHRS.cpp">
      <Filter>Source Files\drivers</Filter>
    </ClCompile>
    <ClCompile Include="..\..\Acopter\Src\baro.cpp">
      <Filter>Source Files\drivers</Filter>
    </ClCompile>
    <ClCompile Include="..\..\Acopter\Src\datatrans.cpp">
      <Filter>Source Files\drivers</Filter>
    </ClCompile>
    <ClCompile Include="..\..\Acopter\Src\flash.cpp">
      <Filter>Source Files\drivers</Filter>
    </ClCompile>
    <ClCompile Include="..\..\Acopter\Src\gps.cpp">
      <Filter>Source Files\drivers</Filter>
    </ClCompile>
    <ClCompile Include="..\..\Acopter\Src\magnet.cpp">
      <Filter>Source Files\drivers</Filter>
    </ClCompile>
    <ClCompile Include="..\..\Acopter\Src\pwm.cpp">
      <Filter>Source Files\drivers</Filter>
    </ClCompile>
    <ClCompile Include="..\..\Acopter\Src\rc.cpp">
      <Filter>Source Files\drivers</Filter>
    </ClCompile>
    <ClCompile Include="..\..\Acopter\Src\sonar.cpp">
      <Filter>Source Files\drivers</Filter>
    </ClCompile>
    <ClCompile Include="..\..\Acopter\Src\math\filter.cpp">
      <Filter>Source Files\math</Filter>
    </ClCompile>
    <ClCompile Include="..\..\Acopter\Src\math\matrix3.cpp">
      <Filter>Source Files\math</Filter>
    </ClCompile>
    <ClCompile Include="..\..\Acopter\Src\math\quaternion.cpp">
      <Filter>Source Files\math</Filter>
    </ClCompile>
    <ClCompile Include="..\..\Acopter\Src\math\vector3.cpp">
      <Filter>Source Files\math</Filter>
    </ClCompile>
    <ClCompile Include="..\..\Acopter\Src\mymath.cpp">
      <Filter>Source Files\math</Filter>
    </ClCompile>
    <ClCompile Include="..\..\Acopter\Src\poliot\ctrl.cpp">
      <Filter>Source Files\poliot</Filter>
    </ClCompile>
    <ClCompile Include="..\..\Acopter\Src\poliot\height_ctrl.cpp">
      <Filter>Source Files\poliot</Filter>
    </ClCompile>
    <ClCompile Include="..\..\Acopter\Src\poliot\imu.cpp">
      <Filter>Source Files\poliot</Filter>
    </ClCompile>
    <ClCompile Include="..\..\Acopter\Src\poliot\parameter.cpp">
      <Filter>Source Files\poliot</Filter>
    </ClCompile>
    <ClCompile Include="..\..\Acopter\Src\init.cpp">
      <Filter>Source Files\task</Filter>
    </ClCompile>
    <ClCompile Include="..\..\Acopter\Src\scheduler.cpp">
      <Filter>Source Files\task</Filter>
    </ClCompile>
    <ClCompile Include="..\..\Acopter\Src\time.cpp">
      <Filter>Source Files\task</Filter>
    </ClCompile>
    <ClCompile Include="..\..\Acopter\Src\main.c">
      <Filter>Source Files\main</Filter>
    </ClCompile>
    <ClCompile Include="..\..\Acopter\Src\stm32f4xx_hal_msp.c">
      <Filter>Source Files\main</Filter>
    </ClCompile>
    <ClCompile Include="..\..\Acopter\Src\stm32f4xx_it.c">
      <Filter>Source Files\main</Filter>
    </ClCompile>
    <ClCompile Include="..\..\Acopter\Src\led.cpp">
      <Filter>Source Files\drivers</Filter>
    </ClCompile>
    <ClCompile Include="..\..\Acopter\Drivers\STM32F4xx_HAL_Driver\Src\stm32f4xx_hal.c">
      <Filter>Resource Files</Filter>
    </ClCompile>
    <ClCompile Include="..\..\Acopter\Drivers\STM32F4xx_HAL_Driver\Src\stm32f4xx_hal_adc.c">
      <Filter>Resource Files</Filter>
    </ClCompile>
    <ClCompile Include="..\..\Acopter\Drivers\STM32F4xx_HAL_Driver\Src\stm32f4xx_hal_adc_ex.c">
      <Filter>Resource Files</Filter>
    </ClCompile>
    <ClCompile Include="..\..\Acopter\Drivers\STM32F4xx_HAL_Driver\Src\stm32f4xx_hal_can.c">
      <Filter>Resource Files</Filter>
    </ClCompile>
    <ClCompile Include="..\..\Acopter\Drivers\STM32F4xx_HAL_Driver\Src\stm32f4xx_hal_cec.c">
      <Filter>Resource Files</Filter>
    </ClCompile>
    <ClCompile Include="..\..\Acopter\Drivers\STM32F4xx_HAL_Driver\Src\stm32f4xx_hal_cortex.c">
      <Filter>Resource Files</Filter>
    </ClCompile>
    <ClCompile Include="..\..\Acopter\Drivers\STM32F4xx_HAL_Driver\Src\stm32f4xx_hal_crc.c">
      <Filter>Resource Files</Filter>
    </ClCompile>
    <ClCompile Include="..\..\Acopter\Drivers\STM32F4xx_HAL_Driver\Src\stm32f4xx_hal_cryp.c">
      <Filter>Resource Files</Filter>
    </ClCompile>
    <ClCompile Include="..\..\Acopter\Drivers\STM32F4xx_HAL_Driver\Src\stm32f4xx_hal_cryp_ex.c">
      <Filter>Resource Files</Filter>
    </ClCompile>
    <ClCompile Include="..\..\Acopter\Drivers\STM32F4xx_HAL_Driver\Src\stm32f4xx_hal_dac.c">
      <Filter>Resource Files</Filter>
    </ClCompile>
    <ClCompile Include="..\..\Acopter\Drivers\STM32F4xx_HAL_Driver\Src\stm32f4xx_hal_dac_ex.c">
      <Filter>Resource Files</Filter>
    </ClCompile>
    <ClCompile Include="..\..\Acopter\Drivers\STM32F4xx_HAL_Driver\Src\stm32f4xx_hal_dcmi.c">
      <Filter>Resource Files</Filter>
    </ClCompile>
    <ClCompile Include="..\..\Acopter\Drivers\STM32F4xx_HAL_Driver\Src\stm32f4xx_hal_dcmi_ex.c">
      <Filter>Resource Files</Filter>
    </ClCompile>
    <ClCompile Include="..\..\Acopter\Drivers\STM32F4xx_HAL_Driver\Src\stm32f4xx_hal_dfsdm.c">
      <Filter>Resource Files</Filter>
    </ClCompile>
    <ClCompile Include="..\..\Acopter\Drivers\STM32F4xx_HAL_Driver\Src\stm32f4xx_hal_dma.c">
      <Filter>Resource Files</Filter>
    </ClCompile>
    <ClCompile Include="..\..\Acopter\Drivers\STM32F4xx_HAL_Driver\Src\stm32f4xx_hal_dma_ex.c">
      <Filter>Resource Files</Filter>
    </ClCompile>
    <ClCompile Include="..\..\Acopter\Drivers\STM32F4xx_HAL_Driver\Src\stm32f4xx_hal_dma2d.c">
      <Filter>Resource Files</Filter>
    </ClCompile>
    <ClCompile Include="..\..\Acopter\Drivers\STM32F4xx_HAL_Driver\Src\stm32f4xx_hal_dsi.c">
      <Filter>Resource Files</Filter>
    </ClCompile>
    <ClCompile Include="..\..\Acopter\Drivers\STM32F4xx_HAL_Driver\Src\stm32f4xx_hal_eth.c">
      <Filter>Resource Files</Filter>
    </ClCompile>
    <ClCompile Include="..\..\Acopter\Drivers\STM32F4xx_HAL_Driver\Src\stm32f4xx_hal_flash.c">
      <Filter>Resource Files</Filter>
    </ClCompile>
    <ClCompile Include="..\..\Acopter\Drivers\STM32F4xx_HAL_Driver\Src\stm32f4xx_hal_flash_ex.c">
      <Filter>Resource Files</Filter>
    </ClCompile>
    <ClCompile Include="..\..\Acopter\Drivers\STM32F4xx_HAL_Driver\Src\stm32f4xx_hal_flash_ramfunc.c">
      <Filter>Resource Files</Filter>
    </ClCompile>
    <ClCompile Include="..\..\Acopter\Drivers\STM32F4xx_HAL_Driver\Src\stm32f4xx_hal_fmpi2c.c">
      <Filter>Resource Files</Filter>
    </ClCompile>
    <ClCompile Include="..\..\Acopter\Drivers\STM32F4xx_HAL_Driver\Src\stm32f4xx_hal_fmpi2c_ex.c">
      <Filter>Resource Files</Filter>
    </ClCompile>
    <ClCompile Include="..\..\Acopter\Drivers\STM32F4xx_HAL_Driver\Src\stm32f4xx_hal_gpio.c">
      <Filter>Resource Files</Filter>
    </ClCompile>
    <ClCompile Include="..\..\Acopter\Drivers\STM32F4xx_HAL_Driver\Src\stm32f4xx_hal_hash.c">
      <Filter>Resource Files</Filter>
    </ClCompile>
    <ClCompile Include="..\..\Acopter\Drivers\STM32F4xx_HAL_Driver\Src\stm32f4xx_hal_hash_ex.c">
      <Filter>Resource Files</Filter>
    </ClCompile>
    <ClCompile Include="..\..\Acopter\Drivers\STM32F4xx_HAL_Driver\Src\stm32f4xx_hal_hcd.c">
      <Filter>Resource Files</Filter>
    </ClCompile>
    <ClCompile Include="..\..\Acopter\Drivers\STM32F4xx_HAL_Driver\Src\stm32f4xx_hal_i2c.c">
      <Filter>Resource Files</Filter>
    </ClCompile>
    <ClCompile Include="..\..\Acopter\Drivers\STM32F4xx_HAL_Driver\Src\stm32f4xx_hal_i2c_ex.c">
      <Filter>Resource Files</Filter>
    </ClCompile>
    <ClCompile Include="..\..\Acopter\Drivers\STM32F4xx_HAL_Driver\Src\stm32f4xx_hal_i2s.c">
      <Filter>Resource Files</Filter>
    </ClCompile>
    <ClCompile Include="..\..\Acopter\Drivers\STM32F4xx_HAL_Driver\Src\stm32f4xx_hal_i2s_ex.c">
      <Filter>Resource Files</Filter>
    </ClCompile>
    <ClCompile Include="..\..\Acopter\Drivers\STM32F4xx_HAL_Driver\Src\stm32f4xx_hal_irda.c">
      <Filter>Resource Files</Filter>
    </ClCompile>
    <ClCompile Include="..\..\Acopter\Drivers\STM32F4xx_HAL_Driver\Src\stm32f4xx_hal_iwdg.c">
      <Filter>Resource Files</Filter>
    </ClCompile>
    <ClCompile Include="..\..\Acopter\Drivers\STM32F4xx_HAL_Driver\Src\stm32f4xx_hal_lptim.c">
      <Filter>Resource Files</Filter>
    </ClCompile>
    <ClCompile Include="..\..\Acopter\Drivers\STM32F4xx_HAL_Driver\Src\stm32f4xx_hal_ltdc.c">
      <Filter>Resource Files</Filter>
    </ClCompile>
    <ClCompile Include="..\..\Acopter\Drivers\STM32F4xx_HAL_Driver\Src\stm32f4xx_hal_ltdc_ex.c">
      <Filter>Resource Files</Filter>
    </ClCompile>
    <ClCompile Include="..\..\Acopter\Drivers\STM32F4xx_HAL_Driver\Src\stm32f4xx_hal_msp_template.c">
      <Filter>Resource Files</Filter>
    </ClCompile>
    <ClCompile Include="..\..\Acopter\Drivers\STM32F4xx_HAL_Driver\Src\stm32f4xx_hal_nand.c">
      <Filter>Resource Files</Filter>
    </ClCompile>
    <ClCompile Include="..\..\Acopter\Drivers\STM32F4xx_HAL_Driver\Src\stm32f4xx_hal_nor.c">
      <Filter>Resource Files</Filter>
    </ClCompile>
    <ClCompile Include="..\..\Acopter\Drivers\STM32F4xx_HAL_Driver\Src\stm32f4xx_hal_pccard.c">
      <Filter>Resource Files</Filter>
    </ClCompile>
    <ClCompile Include="..\..\Acopter\Drivers\STM32F4xx_HAL_Driver\Src\stm32f4xx_hal_pcd.c">
      <Filter>Resource Files</Filter>
    </ClCompile>
    <ClCompile Include="..\..\Acopter\Drivers\STM32F4xx_HAL_Driver\Src\stm32f4xx_hal_pcd_ex.c">
      <Filter>Resource Files</Filter>
    </ClCompile>
    <ClCompile Include="..\..\Acopter\Drivers\STM32F4xx_HAL_Driver\Src\stm32f4xx_hal_pwr.c">
      <Filter>Resource Files</Filter>
    </ClCompile>
    <ClCompile Include="..\..\Acopter\Drivers\STM32F4xx_HAL_Driver\Src\stm32f4xx_hal_pwr_ex.c">
      <Filter>Resource Files</Filter>
    </ClCompile>
    <ClCompile Include="..\..\Acopter\Drivers\STM32F4xx_HAL_Driver\Src\stm32f4xx_hal_qspi.c">
      <Filter>Resource Files</Filter>
    </ClCompile>
    <ClCompile Include="..\..\Acopter\Drivers\STM32F4xx_HAL_Driver\Src\stm32f4xx_hal_rcc.c">
      <Filter>Resource Files</Filter>
    </ClCompile>
    <ClCompile Include="..\..\Acopter\Drivers\STM32F4xx_HAL_Driver\Src\stm32f4xx_hal_rcc_ex.c">
      <Filter>Resource Files</Filter>
    </ClCompile>
    <ClCompile Include="..\..\Acopter\Drivers\STM32F4xx_HAL_Driver\Src\stm32f4xx_hal_rng.c">
      <Filter>Resource Files</Filter>
    </ClCompile>
    <ClCompile Include="..\..\Acopter\Drivers\STM32F4xx_HAL_Driver\Src\stm32f4xx_hal_rtc.c">
      <Filter>Resource Files</Filter>
    </ClCompile>
    <ClCompile Include="..\..\Acopter\Drivers\STM32F4xx_HAL_Driver\Src\stm32f4xx_hal_rtc_ex.c">
      <Filter>Resource Files</Filter>
    </ClCompile>
    <ClCompile Include="..\..\Acopter\Drivers\STM32F4xx_HAL_Driver\Src\stm32f4xx_hal_sai.c">
      <Filter>Resource Files</Filter>
    </ClCompile>
    <ClCompile Include="..\..\Acopter\Drivers\STM32F4xx_HAL_Driver\Src\stm32f4xx_hal_sai_ex.c">
      <Filter>Resource Files</Filter>
    </ClCompile>
    <ClCompile Include="..\..\Acopter\Drivers\STM32F4xx_HAL_Driver\Src\stm32f4xx_hal_sd.c">
      <Filter>Resource Files</Filter>
    </ClCompile>
    <ClCompile Include="..\..\Acopter\Drivers\STM32F4xx_HAL_Driver\Src\stm32f4xx_hal_sdram.c">
      <Filter>Resource Files</Filter>
    </ClCompile>
    <ClCompile Include="..\..\Acopter\Drivers\STM32F4xx_HAL_Driver\Src\stm32f4xx_hal_smartcard.c">
      <Filter>Resource Files</Filter>
    </ClCompile>
    <ClCompile Include="..\..\Acopter\Drivers\STM32F4xx_HAL_Driver\Src\stm32f4xx_hal_spdifrx.c">
      <Filter>Resource Files</Filter>
    </ClCompile>
    <ClCompile Include="..\..\Acopter\Drivers\STM32F4xx_HAL_Driver\Src\stm32f4xx_hal_spi.c">
      <Filter>Resource Files</Filter>
    </ClCompile>
    <ClCompile Include="..\..\Acopter\Drivers\STM32F4xx_HAL_Driver\Src\stm32f4xx_hal_sram.c">
      <Filter>Resource Files</Filter>
    </ClCompile>
    <ClCompile Include="..\..\Acopter\Drivers\STM32F4xx_HAL_Driver\Src\stm32f4xx_hal_tim.c">
      <Filter>Resource Files</Filter>
    </ClCompile>
    <ClCompile Include="..\..\Acopter\Drivers\STM32F4xx_HAL_Driver\Src\stm32f4xx_hal_tim_ex.c">
      <Filter>Resource Files</Filter>
    </ClCompile>
    <ClCompile Include="..\..\Acopter\Drivers\STM32F4xx_HAL_Driver\Src\stm32f4xx_hal_timebase_rtc_alarm_template.c">
      <Filter>Resource Files</Filter>
    </ClCompile>
    <ClCompile Include="..\..\Acopter\Drivers\STM32F4xx_HAL_Driver\Src\stm32f4xx_hal_timebase_rtc_wakeup_template.c">
      <Filter>Resource Files</Filter>
    </ClCompile>
    <ClCompile Include="..\..\Acopter\Drivers\STM32F4xx_HAL_Driver\Src\stm32f4xx_hal_timebase_tim_template.c">
      <Filter>Resource Files</Filter>
    </ClCompile>
    <ClCompile Include="..\..\Acopter\Drivers\STM32F4xx_HAL_Driver\Src\stm32f4xx_hal_uart.c">
      <Filter>Resource Files</Filter>
    </ClCompile>
    <ClCompile Include="..\..\Acopter\Drivers\STM32F4xx_HAL_Driver\Src\stm32f4xx_hal_usart.c">
      <Filter>Resource Files</Filter>
    </ClCompile>
    <ClCompile Include="..\..\Acopter\Drivers\STM32F4xx_HAL_Driver\Src\stm32f4xx_hal_wwdg.c">
      <Filter>Resource Files</Filter>
    </ClCompile>
    <ClCompile Include="..\..\Acopter\Drivers\STM32F4xx_HAL_Driver\Src\stm32f4xx_ll_fmc.c">
      <Filter>Resource Files</Filter>
    </ClCompile>
    <ClCompile Include="..\..\Acopter\Drivers\STM32F4xx_HAL_Driver\Src\stm32f4xx_ll_fsmc.c">
      <Filter>Resource Files</Filter>
    </ClCompile>
    <ClCompile Include="..\..\Acopter\Drivers\STM32F4xx_HAL_Driver\Src\stm32f4xx_ll_sdmmc.c">
      <Filter>Resource Files</Filter>
    </ClCompile>
    <ClCompile Include="..\..\Acopter\Drivers\STM32F4xx_HAL_Driver\Src\stm32f4xx_ll_usb.c">
      <Filter>Resource Files</Filter>
    </ClCompile>
    <ClCompile Include="..\..\Acopter\Src\i2c_soft.cpp">
      <Filter>Source Files\drivers</Filter>
    </ClCompile>
    <ClCompile Include="..\..\Acopter\Src\math\kalman.cpp">
      <Filter>Source Files\math</Filter>
    </ClCompile>
  </ItemGroup>
  <ItemGroup>
    <ClInclude Include="..\..\Acopter\Src\AHRS.h">
      <Filter>Source Files\drivers</Filter>
    </ClInclude>
    <ClInclude Include="..\..\Acopter\Src\baro.h">
      <Filter>Source Files\drivers</Filter>
    </ClInclude>
    <ClInclude Include="..\..\Acopter\Src\datatrans.h">
      <Filter>Source Files\drivers</Filter>
    </ClInclude>
    <ClInclude Include="..\..\Acopter\Src\flash.h">
      <Filter>Source Files\drivers</Filter>
    </ClInclude>
    <ClInclude Include="..\..\Acopter\Src\gps.h">
      <Filter>Source Files\drivers</Filter>
    </ClInclude>
    <ClInclude Include="..\..\Acopter\Src\magnet.h">
      <Filter>Source Files\drivers</Filter>
    </ClInclude>
    <ClInclude Include="..\..\Acopter\Src\pwm.h">
      <Filter>Source Files\drivers</Filter>
    </ClInclude>
    <ClInclude Include="..\..\Acopter\Src\rc.h">
      <Filter>Source Files\drivers</Filter>
    </ClInclude>
    <ClInclude Include="..\..\Acopter\Src\sonar.h">
      <Filter>Source Files\drivers</Filter>
    </ClInclude>
    <ClInclude Include="..\..\Acopter\Src\math\filter.h">
      <Filter>Source Files\math</Filter>
    </ClInclude>
    <ClInclude Include="..\..\Acopter\Src\math\matrix3.h">
      <Filter>Source Files\math</Filter>
    </ClInclude>
    <ClInclude Include="..\..\Acopter\Src\math\quaternion.h">
      <Filter>Source Files\math</Filter>
    </ClInclude>
    <ClInclude Include="..\..\Acopter\Src\math\rotation.h">
      <Filter>Source Files\math</Filter>
    </ClInclude>
    <ClInclude Include="..\..\Acopter\Src\math\vector3.h">
      <Filter>Source Files\math</Filter>
    </ClInclude>
    <ClInclude Include="..\..\Acopter\Src\mymath.h">
      <Filter>Source Files\math</Filter>
    </ClInclude>
    <ClInclude Include="..\..\Acopter\Src\poliot\ctrl.h">
      <Filter>Source Files\poliot</Filter>
    </ClInclude>
    <ClInclude Include="..\..\Acopter\Src\poliot\height_ctrl.h">
      <Filter>Source Files\poliot</Filter>
    </ClInclude>
    <ClInclude Include="..\..\Acopter\Src\poliot\imu.h">
      <Filter>Source Files\poliot</Filter>
    </ClInclude>
    <ClInclude Include="..\..\Acopter\Src\poliot\parameter.h">
      <Filter>Source Files\poliot</Filter>
    </ClInclude>
    <ClInclude Include="..\..\Acopter\Src\init.h">
      <Filter>Source Files\task</Filter>
    </ClInclude>
    <ClInclude Include="..\..\Acopter\Src\scheduler.h">
      <Filter>Source Files\task</Filter>
    </ClInclude>
    <ClInclude Include="..\..\Acopter\Src\time.h">
      <Filter>Source Files\task</Filter>
    </ClInclude>
    <ClInclude Include="..\..\Acopter\Src\include.h">
      <Filter>Source Files\main</Filter>
    </ClInclude>
    <ClInclude Include="..\..\Acopter\Src\led.h">
      <Filter>Source Files\drivers</Filter>
    </ClInclude>
    <ClInclude Include="..\..\Acopter\Drivers\STM32F4xx_HAL_Driver\Inc\stm32f4xx_hal.h">
      <Filter>Resource Files</Filter>
    </ClInclude>
    <ClInclude Include="..\..\Acopter\Drivers\STM32F4xx_HAL_Driver\Inc\stm32f4xx_hal_adc.h">
      <Filter>Resource Files</Filter>
    </ClInclude>
    <ClInclude Include="..\..\Acopter\Drivers\STM32F4xx_HAL_Driver\Inc\stm32f4xx_hal_adc_ex.h">
      <Filter>Resource Files</Filter>
    </ClInclude>
    <ClInclude Include="..\..\Acopter\Drivers\STM32F4xx_HAL_Driver\Inc\stm32f4xx_hal_can.h">
      <Filter>Resource Files</Filter>
    </ClInclude>
    <ClInclude Include="..\..\Acopter\Drivers\STM32F4xx_HAL_Driver\Inc\stm32f4xx_hal_cec.h">
      <Filter>Resource Files</Filter>
    </ClInclude>
    <ClInclude Include="..\..\Acopter\Drivers\STM32F4xx_HAL_Driver\Inc\stm32f4xx_hal_conf_template.h">
      <Filter>Resource Files</Filter>
    </ClInclude>
    <ClInclude Include="..\..\Acopter\Drivers\STM32F4xx_HAL_Driver\Inc\stm32f4xx_hal_cortex.h">
      <Filter>Resource Files</Filter>
    </ClInclude>
    <ClInclude Include="..\..\Acopter\Drivers\STM32F4xx_HAL_Driver\Inc\stm32f4xx_hal_crc.h">
      <Filter>Resource Files</Filter>
    </ClInclude>
    <ClInclude Include="..\..\Acopter\Drivers\STM32F4xx_HAL_Driver\Inc\stm32f4xx_hal_cryp.h">
      <Filter>Resource Files</Filter>
    </ClInclude>
    <ClInclude Include="..\..\Acopter\Drivers\STM32F4xx_HAL_Driver\Inc\stm32f4xx_hal_cryp_ex.h">
      <Filter>Resource Files</Filter>
    </ClInclude>
    <ClInclude Include="..\..\Acopter\Drivers\STM32F4xx_HAL_Driver\Inc\stm32f4xx_hal_dac.h">
      <Filter>Resource Files</Filter>
    </ClInclude>
    <ClInclude Include="..\..\Acopter\Drivers\STM32F4xx_HAL_Driver\Inc\stm32f4xx_hal_dac_ex.h">
      <Filter>Resource Files</Filter>
    </ClInclude>
    <ClInclude Include="..\..\Acopter\Drivers\STM32F4xx_HAL_Driver\Inc\stm32f4xx_hal_dcmi.h">
      <Filter>Resource Files</Filter>
    </ClInclude>
    <ClInclude Include="..\..\Acopter\Drivers\STM32F4xx_HAL_Driver\Inc\stm32f4xx_hal_dcmi_ex.h">
      <Filter>Resource Files</Filter>
    </ClInclude>
    <ClInclude Include="..\..\Acopter\Drivers\STM32F4xx_HAL_Driver\Inc\stm32f4xx_hal_def.h">
      <Filter>Resource Files</Filter>
    </ClInclude>
    <ClInclude Include="..\..\Acopter\Drivers\STM32F4xx_HAL_Driver\Inc\stm32f4xx_hal_dfsdm.h">
      <Filter>Resource Files</Filter>
    </ClInclude>
    <ClInclude Include="..\..\Acopter\Drivers\STM32F4xx_HAL_Driver\Inc\stm32f4xx_hal_dma.h">
      <Filter>Resource Files</Filter>
    </ClInclude>
    <ClInclude Include="..\..\Acopter\Drivers\STM32F4xx_HAL_Driver\Inc\stm32f4xx_hal_dma_ex.h">
      <Filter>Resource Files</Filter>
    </ClInclude>
    <ClInclude Include="..\..\Acopter\Drivers\STM32F4xx_HAL_Driver\Inc\stm32f4xx_hal_dma2d.h">
      <Filter>Resource Files</Filter>
    </ClInclude>
    <ClInclude Include="..\..\Acopter\Drivers\STM32F4xx_HAL_Driver\Inc\stm32f4xx_hal_dsi.h">
      <Filter>Resource Files</Filter>
    </ClInclude>
    <ClInclude Include="..\..\Acopter\Drivers\STM32F4xx_HAL_Driver\Inc\stm32f4xx_hal_eth.h">
      <Filter>Resource Files</Filter>
    </ClInclude>
    <ClInclude Include="..\..\Acopter\Drivers\STM32F4xx_HAL_Driver\Inc\stm32f4xx_hal_flash.h">
      <Filter>Resource Files</Filter>
    </ClInclude>
    <ClInclude Include="..\..\Acopter\Drivers\STM32F4xx_HAL_Driver\Inc\stm32f4xx_hal_flash_ex.h">
      <Filter>Resource Files</Filter>
    </ClInclude>
    <ClInclude Include="..\..\Acopter\Drivers\STM32F4xx_HAL_Driver\Inc\stm32f4xx_hal_flash_ramfunc.h">
      <Filter>Resource Files</Filter>
    </ClInclude>
    <ClInclude Include="..\..\Acopter\Drivers\STM32F4xx_HAL_Driver\Inc\stm32f4xx_hal_fmpi2c.h">
      <Filter>Resource Files</Filter>
    </ClInclude>
    <ClInclude Include="..\..\Acopter\Drivers\STM32F4xx_HAL_Driver\Inc\stm32f4xx_hal_fmpi2c_ex.h">
      <Filter>Resource Files</Filter>
    </ClInclude>
    <ClInclude Include="..\..\Acopter\Drivers\STM32F4xx_HAL_Driver\Inc\stm32f4xx_hal_gpio.h">
      <Filter>Resource Files</Filter>
    </ClInclude>
    <ClInclude Include="..\..\Acopter\Drivers\STM32F4xx_HAL_Driver\Inc\stm32f4xx_hal_gpio_ex.h">
      <Filter>Resource Files</Filter>
    </ClInclude>
    <ClInclude Include="..\..\Acopter\Drivers\STM32F4xx_HAL_Driver\Inc\stm32f4xx_hal_hash.h">
      <Filter>Resource Files</Filter>
    </ClInclude>
    <ClInclude Include="..\..\Acopter\Drivers\STM32F4xx_HAL_Driver\Inc\stm32f4xx_hal_hash_ex.h">
      <Filter>Resource Files</Filter>
    </ClInclude>
    <ClInclude Include="..\..\Acopter\Drivers\STM32F4xx_HAL_Driver\Inc\stm32f4xx_hal_hcd.h">
      <Filter>Resource Files</Filter>
    </ClInclude>
    <ClInclude Include="..\..\Acopter\Drivers\STM32F4xx_HAL_Driver\Inc\stm32f4xx_hal_i2c.h">
      <Filter>Resource Files</Filter>
    </ClInclude>
    <ClInclude Include="..\..\Acopter\Drivers\STM32F4xx_HAL_Driver\Inc\stm32f4xx_hal_i2c_ex.h">
      <Filter>Resource Files</Filter>
    </ClInclude>
    <ClInclude Include="..\..\Acopter\Drivers\STM32F4xx_HAL_Driver\Inc\stm32f4xx_hal_i2s.h">
      <Filter>Resource Files</Filter>
    </ClInclude>
    <ClInclude Include="..\..\Acopter\Drivers\STM32F4xx_HAL_Driver\Inc\stm32f4xx_hal_i2s_ex.h">
      <Filter>Resource Files</Filter>
    </ClInclude>
    <ClInclude Include="..\..\Acopter\Drivers\STM32F4xx_HAL_Driver\Inc\stm32f4xx_hal_irda.h">
      <Filter>Resource Files</Filter>
    </ClInclude>
    <ClInclude Include="..\..\Acopter\Drivers\STM32F4xx_HAL_Driver\Inc\stm32f4xx_hal_iwdg.h">
      <Filter>Resource Files</Filter>
    </ClInclude>
    <ClInclude Include="..\..\Acopter\Drivers\STM32F4xx_HAL_Driver\Inc\stm32f4xx_hal_lptim.h">
      <Filter>Resource Files</Filter>
    </ClInclude>
    <ClInclude Include="..\..\Acopter\Drivers\STM32F4xx_HAL_Driver\Inc\stm32f4xx_hal_ltdc.h">
      <Filter>Resource Files</Filter>
    </ClInclude>
    <ClInclude Include="..\..\Acopter\Drivers\STM32F4xx_HAL_Driver\Inc\stm32f4xx_hal_ltdc_ex.h">
      <Filter>Resource Files</Filter>
    </ClInclude>
    <ClInclude Include="..\..\Acopter\Drivers\STM32F4xx_HAL_Driver\Inc\stm32f4xx_hal_nand.h">
      <Filter>Resource Files</Filter>
    </ClInclude>
    <ClInclude Include="..\..\Acopter\Drivers\STM32F4xx_HAL_Driver\Inc\stm32f4xx_hal_nor.h">
      <Filter>Resource Files</Filter>
    </ClInclude>
    <ClInclude Include="..\..\Acopter\Drivers\STM32F4xx_HAL_Driver\Inc\stm32f4xx_hal_pccard.h">
      <Filter>Resource Files</Filter>
    </ClInclude>
    <ClInclude Include="..\..\Acopter\Drivers\STM32F4xx_HAL_Driver\Inc\stm32f4xx_hal_pcd.h">
      <Filter>Resource Files</Filter>
    </ClInclude>
    <ClInclude Include="..\..\Acopter\Drivers\STM32F4xx_HAL_Driver\Inc\stm32f4xx_hal_pcd_ex.h">
      <Filter>Resource Files</Filter>
    </ClInclude>
    <ClInclude Include="..\..\Acopter\Drivers\STM32F4xx_HAL_Driver\Inc\stm32f4xx_hal_pwr.h">
      <Filter>Resource Files</Filter>
    </ClInclude>
    <ClInclude Include="..\..\Acopter\Drivers\STM32F4xx_HAL_Driver\Inc\stm32f4xx_hal_pwr_ex.h">
      <Filter>Resource Files</Filter>
    </ClInclude>
    <ClInclude Include="..\..\Acopter\Drivers\STM32F4xx_HAL_Driver\Inc\stm32f4xx_hal_qspi.h">
      <Filter>Resource Files</Filter>
    </ClInclude>
    <ClInclude Include="..\..\Acopter\Drivers\STM32F4xx_HAL_Driver\Inc\stm32f4xx_hal_rcc.h">
      <Filter>Resource Files</Filter>
    </ClInclude>
    <ClInclude Include="..\..\Acopter\Drivers\STM32F4xx_HAL_Driver\Inc\stm32f4xx_hal_rcc_ex.h">
      <Filter>Resource Files</Filter>
    </ClInclude>
    <ClInclude Include="..\..\Acopter\Drivers\STM32F4xx_HAL_Driver\Inc\stm32f4xx_hal_rng.h">
      <Filter>Resource Files</Filter>
    </ClInclude>
    <ClInclude Include="..\..\Acopter\Drivers\STM32F4xx_HAL_Driver\Inc\stm32f4xx_hal_rtc.h">
      <Filter>Resource Files</Filter>
    </ClInclude>
    <ClInclude Include="..\..\Acopter\Drivers\STM32F4xx_HAL_Driver\Inc\stm32f4xx_hal_rtc_ex.h">
      <Filter>Resource Files</Filter>
    </ClInclude>
    <ClInclude Include="..\..\Acopter\Drivers\STM32F4xx_HAL_Driver\Inc\stm32f4xx_hal_sai.h">
      <Filter>Resource Files</Filter>
    </ClInclude>
    <ClInclude Include="..\..\Acopter\Drivers\STM32F4xx_HAL_Driver\Inc\stm32f4xx_hal_sai_ex.h">
      <Filter>Resource Files</Filter>
    </ClInclude>
    <ClInclude Include="..\..\Acopter\Drivers\STM32F4xx_HAL_Driver\Inc\stm32f4xx_hal_sd.h">
      <Filter>Resource Files</Filter>
    </ClInclude>
    <ClInclude Include="..\..\Acopter\Drivers\STM32F4xx_HAL_Driver\Inc\stm32f4xx_hal_sdram.h">
      <Filter>Resource Files</Filter>
    </ClInclude>
    <ClInclude Include="..\..\Acopter\Drivers\STM32F4xx_HAL_Driver\Inc\stm32f4xx_hal_smartcard.h">
      <Filter>Resource Files</Filter>
    </ClInclude>
    <ClInclude Include="..\..\Acopter\Drivers\STM32F4xx_HAL_Driver\Inc\stm32f4xx_hal_spdifrx.h">
      <Filter>Resource Files</Filter>
    </ClInclude>
    <ClInclude Include="..\..\Acopter\Drivers\STM32F4xx_HAL_Driver\Inc\stm32f4xx_hal_spi.h">
      <Filter>Resource Files</Filter>
    </ClInclude>
    <ClInclude Include="..\..\Acopter\Drivers\STM32F4xx_HAL_Driver\Inc\stm32f4xx_hal_sram.h">
      <Filter>Resource Files</Filter>
    </ClInclude>
    <ClInclude Include="..\..\Acopter\Drivers\STM32F4xx_HAL_Driver\Inc\stm32f4xx_hal_tim.h">
      <Filter>Resource Files</Filter>
    </ClInclude>
    <ClInclude Include="..\..\Acopter\Drivers\STM32F4xx_HAL_Driver\Inc\stm32f4xx_hal_tim_ex.h">
      <Filter>Resource Files</Filter>
    </ClInclude>
    <ClInclude Include="..\..\Acopter\Drivers\STM32F4xx_HAL_Driver\Inc\stm32f4xx_hal_uart.h">
      <Filter>Resource Files</Filter>
    </ClInclude>
    <ClInclude Include="..\..\Acopter\Drivers\STM32F4xx_HAL_Driver\Inc\stm32f4xx_hal_usart.h">
      <Filter>Resource Files</Filter>
    </ClInclude>
    <ClInclude Include="..\..\Acopter\Drivers\STM32F4xx_HAL_Driver\Inc\stm32f4xx_hal_wwdg.h">
      <Filter>Resource Files</Filter>
    </ClInclude>
    <ClInclude Include="..\..\Acopter\Drivers\STM32F4xx_HAL_Driver\Inc\stm32f4xx_ll_fmc.h">
      <Filter>Resource Files</Filter>
    </ClInclude>
    <ClInclude Include="..\..\Acopter\Drivers\STM32F4xx_HAL_Driver\Inc\stm32f4xx_ll_fsmc.h">
      <Filter>Resource Files</Filter>
    </ClInclude>
    <ClInclude Include="..\..\Acopter\Drivers\STM32F4xx_HAL_Driver\Inc\stm32f4xx_ll_sdmmc.h">
      <Filter>Resource Files</Filter>
    </ClInclude>
    <ClInclude Include="..\..\Acopter\Drivers\STM32F4xx_HAL_Driver\Inc\stm32f4xx_ll_usb.h">
      <Filter>Resource Files</Filter>
    </ClInclude>
    <ClInclude Include="..\..\Acopter\Src\i2c_soft.h">
      <Filter>Source Files\drivers</Filter>
    </ClInclude>
    <ClInclude Include="..\..\Acopter\Src\math\kalman.h">
      <Filter>Source Files\math</Filter>
    </ClInclude>
  </ItemGroup>
</Project>